
Microsoft Visual Studio Solution File, Format Version 12.00
# Visual Studio Version 17
VisualStudioVersion = 17.2.32616.157
MinimumVisualStudioVersion = 10.0.40219.1
Project("{FAE04EC0-301F-11D3-BF4B-00C04F79EFBC}") = "С_sharp_lesson_3", "С_sharp_lesson_3.csproj", "{EE39435D-EBDA-4DA1-B52F-DAFD1BA5A748}"
EndProject
Global
	GlobalSection(SolutionConfigurationPlatforms) = preSolution
		Debug|Any CPU = Debug|Any CPU
		Release|Any CPU = Release|Any CPU
	EndGlobalSection
	GlobalSection(ProjectConfigurationPlatforms) = postSolution
		{EE39435D-EBDA-4DA1-B52F-DAFD1BA5A748}.Debug|Any CPU.ActiveCfg = Debug|Any CPU
		{EE39435D-EBDA-4DA1-B52F-DAFD1BA5A748}.Debug|Any CPU.Build.0 = Debug|Any CPU
		{EE39435D-EBDA-4DA1-B52F-DAFD1BA5A748}.Release|Any CPU.ActiveCfg = Release|Any CPU
		{EE39435D-EBDA-4DA1-B52F-DAFD1BA5A748}.Release|Any CPU.Build.0 = Release|Any CPU
	EndGlobalSection
	GlobalSection(SolutionProperties) = preSolution
		HideSolutionNode = FALSE
	EndGlobalSection
	GlobalSection(ExtensibilityGlobals) = postSolution
		SolutionGuid = {4EC009E8-B148-4039-86B1-AF4A5384565A}
	EndGlobalSection
EndGlobal
